PODS:
  - Alamofire (5.11.2)
  - AMap3DMap (11.2.000):
    - AMapFoundation (>= 1.9.0)
  - AMapFoundation (1.9.0)
  - CocoaLumberjack/Core (3.9.1)
  - CocoaLumberjack/Swift (3.9.1):
    - CocoaLumberjack/Core
  - IQKeyboardCore (1.0.5)
  - IQKeyboardManagerSwift (7.2.0):
    - IQKeyboardManagerSwift/Appearance (= 7.2.0)
    - IQKeyboardManagerSwift/Core (= 7.2.0)
    - IQKeyboardManagerSwift/IQKeyboardReturnKeyHandler (= 7.2.0)
    - IQKeyboardManagerSwift/IQKeyboardToolbarManager (= 7.2.0)
    - IQKeyboardManagerSwift/IQTextView (= 7.2.0)
    - IQKeyboardManagerSwift/Resign (= 7.2.0)
    - IQKeyboardNotification (= 1.0.3)
    - IQTextInputViewNotification (= 1.0.5)
  - IQKeyboardManagerSwift/Appearance (7.2.0):
    - IQKeyboardManagerSwift/Core
    - IQKeyboardNotification (= 1.0.3)
    - IQTextInputViewNotification (= 1.0.5)
  - IQKeyboardManagerSwift/Core (7.2.0):
    - IQKeyboardNotification (= 1.0.3)
    - IQTextInputViewNotification (= 1.0.5)
  - IQKeyboardManagerSwift/IQKeyboardReturnKeyHandler (7.2.0):
    - IQKeyboardNotification (= 1.0.3)
    - IQTextInputViewNotification (= 1.0.5)
  - IQKeyboardManagerSwift/IQKeyboardToolbarManager (7.2.0):
    - IQKeyboardManagerSwift/Core
    - IQKeyboardManagerSwift/IQKeyboardToolbarManager/IQKeyboardToolbar (= 7.2.0)
    - IQKeyboardNotification (= 1.0.3)
    - IQTextInputViewNotification (= 1.0.5)
  - IQKeyboardManagerSwift/IQKeyboardToolbarManager/IQKeyboardToolbar (7.2.0):
    - IQKeyboardManagerSwift/Core
    - IQKeyboardNotification (= 1.0.3)
    - IQTextInputViewNotification (= 1.0.5)
  - IQKeyboardManagerSwift/IQTextView (7.2.0):
    - IQKeyboardManagerSwift/IQKeyboardToolbarManager/IQKeyboardToolbar
    - IQKeyboardNotification (= 1.0.3)
    - IQTextInputViewNotification (= 1.0.5)
  - IQKeyboardManagerSwift/Resign (7.2.0):
    - IQKeyboardManagerSwift/Core
    - IQKeyboardNotification (= 1.0.3)
    - IQTextInputViewNotification (= 1.0.5)
  - IQKeyboardNotification (1.0.3)
  - IQTextInputViewNotification (1.0.5):
    - IQKeyboardCore (= 1.0.5)
  - KeychainAccess (4.2.2)
  - Kingfisher (7.12.0)
  - MJRefresh (3.7.9)
  - Moya (15.0.0):
    - Moya/Core (= 15.0.0)
  - Moya/Core (15.0.0):
    - Alamofire (~> 5.0)
  - SnapKit (5.7.1)
  - SocketRocket (0.7.1)
  - SpeechEngineToB (0.0.14.6.1-bugfix):
    - SocketRocket
  - SwiftLint (0.63.3)
  - SwiftyJSON (5.0.2)

DEPENDENCIES:
  - Alamofire (~> 5.9)
  - AMap3DMap
  - AMapFoundation
  - CocoaLumberjack/Swift (~> 3.8)
  - IQKeyboardManagerSwift (~> 7.0)
  - KeychainAccess (~> 4.2)
  - Kingfisher (~> 7.10)
  - MJRefresh (~> 3.7)
  - Moya (~> 15.0)
  - SnapKit (~> 5.7)
  - SpeechEngineToB (= 0.0.14.6.1-bugfix)
  - SwiftLint (~> 0.55)
  - SwiftyJSON (~> 5.0)

SPEC REPOS:
  https://github.com/CocoaPods/Specs.git:
    - Alamofire
    - AMap3DMap
    - AMapFoundation
    - CocoaLumberjack
    - IQKeyboardCore
    - IQKeyboardManagerSwift
    - IQKeyboardNotification
    - IQTextInputViewNotification
    - KeychainAccess
    - Kingfisher
    - MJRefresh
    - Moya
    - SnapKit
    - SocketRocket
    - SwiftLint
    - SwiftyJSON
  https://github.com/volcengine/volcengine-specs.git:
    - SpeechEngineToB

SPEC CHECKSUMS:
  Alamofire: 400275dd1c6d87d95a041861d2a59da4b520a203
  AMap3DMap: 940c6f6ce6ff3089c5c2211b0dfb51ef43262fe8
  AMapFoundation: 5f01fcabd1e591967e52178d2d96dac843396285
  CocoaLumberjack: e4ba3b414dfca8c1916c6303d37f63b3a95134c6
  IQKeyboardCore: 28c8bf3bcd8ba5aa1570b318cbc4da94b861711e
  IQKeyboardManagerSwift: 12d6ae3632ef744ccd033c048b566af13cc10d49
  IQKeyboardNotification: d7382c4466c5a5adef92c7452ebf861b36050088
  IQTextInputViewNotification: 4381fb828881983205fbee38f17da8a9fe2e835c
  KeychainAccess: c0c4f7f38f6fc7bbe58f5702e25f7bd2f65abf51
  Kingfisher: 53a10ea35051a436b5fb626ca2dd8f3144d755e9
  MJRefresh: ff9e531227924c84ce459338414550a05d2aea78
  Moya: 138f0573e53411fb3dc17016add0b748dfbd78ee
  SnapKit: d612e99e678a2d3b95bf60b0705ed0a35c03484a
  SocketRocket: d4aabe649be1e368d1318fdf28a022d714d65748
  SpeechEngineToB: 027a6ed387ad7ae3860da01f704f78ba072cb45e
  SwiftLint: 387b65567654da8f832d67fe3c53fd2ff2be8539
  SwiftyJSON: f5b1bf1cd8dd53cd25887ac0eabcfd92301c6a5a

PODFILE CHECKSUM: ca7880b72b58cfc7687e281cd0e814e0c1911aff

COCOAPODS: 1.16.2
